
Microsoft Visual Studio Solution File, Format Version 12.00
# Visual Studio 15
VisualStudioVersion = 15.0.27004.2002
MinimumVisualStudioVersion = 10.0.40219.1
Project("{FAE04EC0-301F-11D3-BF4B-00C04F79EFBC}") = "Textgenerator", "Textgenerator\Textgenerator.csproj", "{C3ED96CB-DCD4-4092-8C3B-43B9D3962A91}"
EndProject
Global
	GlobalSection(SolutionConfigurationPlatforms) = preSolution
		Debug|Any CPU = Debug|Any CPU
		Release|Any CPU = Release|Any CPU
	EndGlobalSection
	GlobalSection(ProjectConfigurationPlatforms) = postSolution
		{C3ED96CB-DCD4-4092-8C3B-43B9D3962A91}.Debug|Any CPU.ActiveCfg = Debug|Any CPU
		{C3ED96CB-DCD4-4092-8C3B-43B9D3962A91}.Debug|Any CPU.Build.0 = Debug|Any CPU
		{C3ED96CB-DCD4-4092-8C3B-43B9D3962A91}.Release|Any CPU.ActiveCfg = Release|Any CPU
		{C3ED96CB-DCD4-4092-8C3B-43B9D3962A91}.Release|Any CPU.Build.0 = Release|Any CPU
	EndGlobalSection
	GlobalSection(SolutionProperties) = preSolution
		HideSolutionNode = FALSE
	EndGlobalSection
	GlobalSection(ExtensibilityGlobals) = postSolution
		SolutionGuid = {9CC82466-B9DF-4C6B-82A3-3E33035C4777}
	EndGlobalSection
EndGlobal
